
Microsoft Visual Studio Solution File, Format Version 12.00
# Visual Studio Version 17
VisualStudioVersion = 17.14.36408.4
MinimumVisualStudioVersion = 10.0.40219.1
Project("{FAE04EC0-301F-11D3-BF4B-00C04F79EFBC}") = "Frontend", "Frontend\Frontend.csproj", "{6FFD21E1-078A-4907-84AC-9DB97F265727}"
EndProject
Project("{FAE04EC0-301F-11D3-BF4B-00C04F79EFBC}") = "API", "API\API.csproj", "{06300FF5-4F2A-461C-BEE4-69F383BB9C41}"
EndProject
Project("{FAE04EC0-301F-11D3-BF4B-00C04F79EFBC}") = "Models", "Models\Models.csproj", "{86D43EFD-B338-47D7-897F-DAFD6CEB1208}"
EndProject
Global
	GlobalSection(SolutionConfigurationPlatforms) = preSolution
		Debug|Any CPU = Debug|Any CPU
		Release|Any CPU = Release|Any CPU
	EndGlobalSection
	GlobalSection(ProjectConfigurationPlatforms) = postSolution
		{6FFD21E1-078A-4907-84AC-9DB97F265727}.Debug|Any CPU.ActiveCfg = Debug|Any CPU
		{6FFD21E1-078A-4907-84AC-9DB97F265727}.Debug|Any CPU.Build.0 = Debug|Any CPU
		{6FFD21E1-078A-4907-84AC-9DB97F265727}.Release|Any CPU.ActiveCfg = Release|Any CPU
		{6FFD21E1-078A-4907-84AC-9DB97F265727}.Release|Any CPU.Build.0 = Release|Any CPU
		{06300FF5-4F2A-461C-BEE4-69F383BB9C41}.Debug|Any CPU.ActiveCfg = Debug|Any CPU
		{06300FF5-4F2A-461C-BEE4-69F383BB9C41}.Debug|Any CPU.Build.0 = Debug|Any CPU
		{06300FF5-4F2A-461C-BEE4-69F383BB9C41}.Release|Any CPU.ActiveCfg = Release|Any CPU
		{06300FF5-4F2A-461C-BEE4-69F383BB9C41}.Release|Any CPU.Build.0 = Release|Any CPU
		{86D43EFD-B338-47D7-897F-DAFD6CEB1208}.Debug|Any CPU.ActiveCfg = Debug|Any CPU
		{86D43EFD-B338-47D7-897F-DAFD6CEB1208}.Debug|Any CPU.Build.0 = Debug|Any CPU
		{86D43EFD-B338-47D7-897F-DAFD6CEB1208}.Release|Any CPU.ActiveCfg = Release|Any CPU
		{86D43EFD-B338-47D7-897F-DAFD6CEB1208}.Release|Any CPU.Build.0 = Release|Any CPU
	EndGlobalSection
	GlobalSection(SolutionProperties) = preSolution
		HideSolutionNode = FALSE
	EndGlobalSection
	GlobalSection(ExtensibilityGlobals) = postSolution
		SolutionGuid = {C8C320B4-19A9-4CEB-9DB1-6F27EC584F44}
	EndGlobalSection
EndGlobal
